
Microsoft Visual Studio Solution File, Format Version 12.00
# Visual Studio Version 16
VisualStudioVersion = 16.0.31112.23
MinimumVisualStudioVersion = 10.0.40219.1
Project("{9A19103F-16F7-4668-BE54-9A1E7A4F7556}") = "dotNetRogue.IntegrationTests", "dotNetRogue.IntegrationTests\dotNetRogue.IntegrationTests.csproj", "{48F6492D-6F3F-4DF7-BA5D-445B3FA1934B}"
EndProject
Project("{9A19103F-16F7-4668-BE54-9A1E7A4F7556}") = "dotNetRogue.Application", "dotNetRogue.Application\dotNetRogue.Application.csproj", "{E5AA708D-A503-4875-BA9E-5434F515400B}"
EndProject
Project("{9A19103F-16F7-4668-BE54-9A1E7A4F7556}") = "dotNetRogue.Domain", "dotNetRogue.Domain\dotNetRogue.Domain.csproj", "{8680784A-01C7-4541-A531-40862268D67B}"
EndProject
Project("{9A19103F-16F7-4668-BE54-9A1E7A4F7556}") = "dotNetRogue.Presentation", "dotNetRogue.Presentation\dotNetRogue.Presentation.csproj", "{0F0C31B0-D19B-4552-B038-4D7221A1C25D}"
EndProject
Project("{9A19103F-16F7-4668-BE54-9A1E7A4F7556}") = "dotNetRogue.Persistence", "dotNetRogue.Persistence\dotNetRogue.Persistence.csproj", "{4657FA5A-8754-4FB5-AD84-F8701A777A1D}"
EndProject
Project("{9A19103F-16F7-4668-BE54-9A1E7A4F7556}") = "dotNetRogue.Tests", "dotNetRogue.Tests\dotNetRogue.Tests.csproj", "{4C902335-E53B-42B0-8266-3031B1279937}"
EndProject
Global
	GlobalSection(SolutionConfigurationPlatforms) = preSolution
		Debug|Any CPU = Debug|Any CPU
		Release|Any CPU = Release|Any CPU
	EndGlobalSection
	GlobalSection(ProjectConfigurationPlatforms) = postSolution
		{48F6492D-6F3F-4DF7-BA5D-445B3FA1934B}.Debug|Any CPU.ActiveCfg = Debug|Any CPU
		{48F6492D-6F3F-4DF7-BA5D-445B3FA1934B}.Debug|Any CPU.Build.0 = Debug|Any CPU
		{48F6492D-6F3F-4DF7-BA5D-445B3FA1934B}.Release|Any CPU.ActiveCfg = Release|Any CPU
		{48F6492D-6F3F-4DF7-BA5D-445B3FA1934B}.Release|Any CPU.Build.0 = Release|Any CPU
		{E5AA708D-A503-4875-BA9E-5434F515400B}.Debug|Any CPU.ActiveCfg = Debug|Any CPU
		{E5AA708D-A503-4875-BA9E-5434F515400B}.Debug|Any CPU.Build.0 = Debug|Any CPU
		{E5AA708D-A503-4875-BA9E-5434F515400B}.Release|Any CPU.ActiveCfg = Release|Any CPU
		{E5AA708D-A503-4875-BA9E-5434F515400B}.Release|Any CPU.Build.0 = Release|Any CPU
		{8680784A-01C7-4541-A531-40862268D67B}.Debug|Any CPU.ActiveCfg = Debug|Any CPU
		{8680784A-01C7-4541-A531-40862268D67B}.Debug|Any CPU.Build.0 = Debug|Any CPU
		{8680784A-01C7-4541-A531-40862268D67B}.Release|Any CPU.ActiveCfg = Release|Any CPU
		{8680784A-01C7-4541-A531-40862268D67B}.Release|Any CPU.Build.0 = Release|Any CPU
		{0F0C31B0-D19B-4552-B038-4D7221A1C25D}.Debug|Any CPU.ActiveCfg = Debug|Any CPU
		{0F0C31B0-D19B-4552-B038-4D7221A1C25D}.Debug|Any CPU.Build.0 = Debug|Any CPU
		{0F0C31B0-D19B-4552-B038-4D7221A1C25D}.Release|Any CPU.ActiveCfg = Release|Any CPU
		{0F0C31B0-D19B-4552-B038-4D7221A1C25D}.Release|Any CPU.Build.0 = Release|Any CPU
		{4657FA5A-8754-4FB5-AD84-F8701A777A1D}.Debug|Any CPU.ActiveCfg = Debug|Any CPU
		{4657FA5A-8754-4FB5-AD84-F8701A777A1D}.Debug|Any CPU.Build.0 = Debug|Any CPU
		{4657FA5A-8754-4FB5-AD84-F8701A777A1D}.Release|Any CPU.ActiveCfg = Release|Any CPU
		{4657FA5A-8754-4FB5-AD84-F8701A777A1D}.Release|Any CPU.Build.0 = Release|Any CPU
		{4C902335-E53B-42B0-8266-3031B1279937}.Debug|Any CPU.ActiveCfg = Debug|Any CPU
		{4C902335-E53B-42B0-8266-3031B1279937}.Debug|Any CPU.Build.0 = Debug|Any CPU
		{4C902335-E53B-42B0-8266-3031B1279937}.Release|Any CPU.ActiveCfg = Release|Any CPU
		{4C902335-E53B-42B0-8266-3031B1279937}.Release|Any CPU.Build.0 = Release|Any CPU
	EndGlobalSection
	GlobalSection(SolutionProperties) = preSolution
		HideSolutionNode = FALSE
	EndGlobalSection
	GlobalSection(ExtensibilityGlobals) = postSolution
		SolutionGuid = {D4F8497B-27C7-4677-99C9-2F9418DF80BB}
	EndGlobalSection
EndGlobal
